
Microsoft Visual Studio Solution File, Format Version 12.00
# Visual Studio 15
VisualStudioVersion = 15.0.28307.645
MinimumVisualStudioVersion = 10.0.40219.1
Project("{FAE04EC0-301F-11D3-BF4B-00C04F79EFBC}") = "TileBasedCollisions", "TileBasedCollisions\TileBasedCollisions.csproj", "{7C4878D0-7E3E-4819-A95D-EAD232D22AD8}"
EndProject
Global
	GlobalSection(SolutionConfigurationPlatforms) = preSolution
		Debug|x86 = Debug|x86
		Release|x86 = Release|x86
	EndGlobalSection
	GlobalSection(ProjectConfigurationPlatforms) = postSolution
		{7C4878D0-7E3E-4819-A95D-EAD232D22AD8}.Debug|x86.ActiveCfg = Debug|x86
		{7C4878D0-7E3E-4819-A95D-EAD232D22AD8}.Debug|x86.Build.0 = Debug|x86
		{7C4878D0-7E3E-4819-A95D-EAD232D22AD8}.Release|x86.ActiveCfg = Release|x86
		{7C4878D0-7E3E-4819-A95D-EAD232D22AD8}.Release|x86.Build.0 = Release|x86
	EndGlobalSection
	GlobalSection(SolutionProperties) = preSolution
		HideSolutionNode = FALSE
	EndGlobalSection
	GlobalSection(ExtensibilityGlobals) = postSolution
		SolutionGuid = {94955F3A-87BE-4CF6-B132-B297F53AB76B}
	EndGlobalSection
EndGlobal
